// !$*UTF8*$!
{
	archiveVersion = 1;
	classes = {
	};
	objectVersion = 77;
	objects = {

/* Begin PBXBuildFile section */
		3D2785CF2F5754A1002FD92E /* WidgetKit.framework in Frameworks */ = {isa = PBXBuildFile; fileRef = 3D2785CE2F5754A1002FD92E /* WidgetKit.framework */; };
		3D2785D12F5754A1002FD92E /* SwiftUI.framework in Frameworks */ = {isa = PBXBuildFile; fileRef = 3D2785D02F5754A1002FD92E /* SwiftUI.framework */; };
		3D2785E22F5754A2002FD92E /* TrackFitWidgetExtension.appex in Embed Foundation Extensions */ = {isa = PBXBuildFile; fileRef = 3D2785CC2F5754A1002FD92E /* TrackFitWidgetExtension.appex */; settings = {ATTRIBUTES = (RemoveHeadersOnCopy, ); }; };
		3D2E35632F562705007FF466 /* track_fit Watch App Watch App.app in Embed Watch Content */ = {isa = PBXBuildFile; fileRef = 3D2E35432F562703007FF466 /* track_fit Watch App Watch App.app */; settings = {ATTRIBUTES = (RemoveHeadersOnCopy, ); }; };
/* End PBXBuildFile section */

/* Begin PBXContainerItemProxy section */
		3D2785E02F5754A2002FD92E /* PBXContainerItemProxy */ = {
			isa = PBXContainerItemProxy;
			containerPortal = 3D4A00182E72D7A6001FEF4A /* Project object */;
			proxyType = 1;
			remoteGlobalIDString = 3D2785CB2F5754A1002FD92E;
			remoteInfo = TrackFitWidgetExtension;
		};
		3D2E35502F562705007FF466 /* PBXContainerItemProxy */ = {
			isa = PBXContainerItemProxy;
			containerPortal = 3D4A00182E72D7A6001FEF4A /* Project object */;
			proxyType = 1;
			remoteGlobalIDString = 3D2E35422F562703007FF466;
			remoteInfo = "track_fit Watch App Watch App";
		};
		3D2E355A2F562705007FF466 /* PBXContainerItemProxy */ = {
			isa = PBXContainerItemProxy;
			containerPortal = 3D4A00182E72D7A6001FEF4A /* Project object */;
			proxyType = 1;
			remoteGlobalIDString = 3D2E35422F562703007FF466;
			remoteInfo = "track_fit Watch App Watch App";
		};
		3D2E35612F562705007FF466 /* PBXContainerItemProxy */ = {
			isa = PBXContainerItemProxy;
			containerPortal = 3D4A00182E72D7A6001FEF4A /* Project object */;
			proxyType = 1;
			remoteGlobalIDString = 3D2E35422F562703007FF466;
			remoteInfo = "track_fit Watch App Watch App";
		};
		3D4A00342E72D7A7001FEF4A /* PBXContainerItemProxy */ = {
			isa = PBXContainerItemProxy;
			containerPortal = 3D4A00182E72D7A6001FEF4A /* Project object */;
			proxyType = 1;
			remoteGlobalIDString = 3D4A001F2E72D7A6001FEF4A;
			remoteInfo = track_fit;
		};
		3D4A003E2E72D7A7001FEF4A /* PBXContainerItemProxy */ = {
			isa = PBXContainerItemProxy;
			containerPortal = 3D4A00182E72D7A6001FEF4A /* Project object */;
			proxyType = 1;
			remoteGlobalIDString = 3D4A001F2E72D7A6001FEF4A;
			remoteInfo = track_fit;
		};
/* End PBXContainerItemProxy section */

/* Begin PBXCopyFilesBuildPhase section */
		3D2785E32F5754A2002FD92E /* Embed Foundation Extensions */ = {
			isa = PBXCopyFilesBuildPhase;
			buildActionMask = 2147483647;
			dstPath = "";
			dstSubfolderSpec = 13;
			files = (
				3D2785E22F5754A2002FD92E /* TrackFitWidgetExtension.appex in Embed Foundation Extensions */,
			);
			name = "Embed Foundation Extensions";
			runOnlyForDeploymentPostprocessing = 0;
		};
		3D2E35672F562705007FF466 /* Embed Watch Content */ = {
			isa = PBXCopyFilesBuildPhase;
			buildActionMask = 2147483647;
			dstPath = "$(CONTENTS_FOLDER_PATH)/Watch";
			dstSubfolderSpec = 16;
			files = (
				3D2E35632F562705007FF466 /* track_fit Watch App Watch App.app in Embed Watch Content */,
			);
			name = "Embed Watch Content";
			runOnlyForDeploymentPostprocessing = 0;
		};
/* End PBXCopyFilesBuildPhase section */

/* Begin PBXFileReference section */
		3D2785CC2F5754A1002FD92E /* TrackFitWidgetExtension.appex */ = {isa = PBXFileReference; explicitFileType = "wrapper.app-extension"; includeInIndex = 0; path = TrackFitWidgetExtension.appex; sourceTree = BUILT_PRODUCTS_DIR; };
		3D2785CE2F5754A1002FD92E /* WidgetKit.framework */ = {isa = PBXFileReference; lastKnownFileType = wrapper.framework; name = WidgetKit.framework; path = System/Library/Frameworks/WidgetKit.framework; sourceTree = SDKROOT; };
		3D2785D02F5754A1002FD92E /* SwiftUI.framework */ = {isa = PBXFileReference; lastKnownFileType = wrapper.framework; name = SwiftUI.framework; path = System/Library/Frameworks/SwiftUI.framework; sourceTree = SDKROOT; };
		3D2E35432F562703007FF466 /* track_fit Watch App Watch App.app */ = {isa = PBXFileReference; explicitFileType = wrapper.application; includeInIndex = 0; path = "track_fit Watch App Watch App.app"; sourceTree = BUILT_PRODUCTS_DIR; };
		3D2E354F2F562705007FF466 /* track_fit Watch App Watch AppTests.xctest */ = {isa = PBXFileReference; explicitFileType = wrapper.cfbundle; includeInIndex = 0; path = "track_fit Watch App Watch AppTests.xctest"; sourceTree = BUILT_PRODUCTS_DIR; };
		3D2E35592F562705007FF466 /* track_fit Watch App Watch AppUITests.xctest */ = {isa = PBXFileReference; explicitFileType = wrapper.cfbundle; includeInIndex = 0; path = "track_fit Watch App Watch AppUITests.xctest"; sourceTree = BUILT_PRODUCTS_DIR; };
		3D4A00202E72D7A6001FEF4A /* track_fit.app */ = {isa = PBXFileReference; explicitFileType = wrapper.application; includeInIndex = 0; path = track_fit.app; sourceTree = BUILT_PRODUCTS_DIR; };
		3D4A00332E72D7A7001FEF4A /* track_fitTests.xctest */ = {isa = PBXFileReference; explicitFileType = wrapper.cfbundle; includeInIndex = 0; path = track_fitTests.xctest; sourceTree = BUILT_PRODUCTS_DIR; };
		3D4A003D2E72D7A7001FEF4A /* track_fitUITests.xctest */ = {isa = PBXFileReference; explicitFileType = wrapper.cfbundle; includeInIndex = 0; path = track_fitUITests.xctest; sourceTree = BUILT_PRODUCTS_DIR; };
/* End PBXFileReference section */

/* Begin PBXFileSystemSynchronizedBuildFileExceptionSet section */
		3D2785E62F5754A2002FD92E /* Exceptions for "TrackFitWidget" folder in "TrackFitWidgetExtension" target */ = {
			isa = PBXFileSystemSynchronizedBuildFileExceptionSet;
			membershipExceptions = (
				Info.plist,
			);
			target = 3D2785CB2F5754A1002FD92E /* TrackFitWidgetExtension */;
		};
		3D2785ED2F575686002FD92E /* Exceptions for "track_fit" folder in "TrackFitWidgetExtension" target */ = {
			isa = PBXFileSystemSynchronizedBuildFileExceptionSet;
			membershipExceptions = (
				Shared/WorkoutPlanAttributes.swift,
			);
			target = 3D2785CB2F5754A1002FD92E /* TrackFitWidgetExtension */;
		};
		3D2E35792F562E16007FF466 /* Exceptions for "track_fit" folder in "track_fit Watch App Watch App" target */ = {
			isa = PBXFileSystemSynchronizedBuildFileExceptionSet;
			membershipExceptions = (
				Shared/WatchSessionManager.swift,
			);
			target = 3D2E35422F562703007FF466 /* track_fit Watch App Watch App */;
		};
/* End PBXFileSystemSynchronizedBuildFileExceptionSet section */

/* Begin PBXFileSystemSynchronizedRootGroup section */
		3D2785D22F5754A1002FD92E /* TrackFitWidget */ = {
			isa = PBXFileSystemSynchronizedRootGroup;
			exceptions = (
				3D2785E62F5754A2002FD92E /* Exceptions for "TrackFitWidget" folder in "TrackFitWidgetExtension" target */,
			);
			path = TrackFitWidget;
			sourceTree = "<group>";
		};
		3D2E35442F562703007FF466 /* track_fit Watch App Watch App */ = {
			isa = PBXFileSystemSynchronizedRootGroup;
			path = "track_fit Watch App Watch App";
			sourceTree = "<group>";
		};
		3D2E35522F562705007FF466 /* track_fit Watch App Watch AppTests */ = {
			isa = PBXFileSystemSynchronizedRootGroup;
			path = "track_fit Watch App Watch AppTests";
			sourceTree = "<group>";
		};
		3D2E355C2F562705007FF466 /* track_fit Watch App Watch AppUITests */ = {
			isa = PBXFileSystemSynchronizedRootGroup;
			path = "track_fit Watch App Watch AppUITests";
			sourceTree = "<group>";
		};
		3D4A00222E72D7A6001FEF4A /* track_fit */ = {
			isa = PBXFileSystemSynchronizedRootGroup;
			exceptions = (
				3D2E35792F562E16007FF466 /* Exceptions for "track_fit" folder in "track_fit Watch App Watch App" target */,
				3D2785ED2F575686002FD92E /* Exceptions for "track_fit" folder in "TrackFitWidgetExtension" target */,
			);
			path = track_fit;
			sourceTree = "<group>";
		};
		3D4A00362E72D7A7001FEF4A /* track_fitTests */ = {
			isa = PBXFileSystemSynchronizedRootGroup;
			path = track_fitTests;
			sourceTree = "<group>";
		};
		3D4A00402E72D7A7001FEF4A /* track_fitUITests */ = {
			isa = PBXFileSystemSynchronizedRootGroup;
			path = track_fitUITests;
			sourceTree = "<group>";
		};
/* End PBXFileSystemSynchronizedRootGroup section */

/* Begin PBXFrameworksBuildPhase section */
		3D2785C92F5754A1002FD92E /* Frameworks */ = {
			isa = PBXFrameworksBuildPhase;
			buildActionMask = 2147483647;
			files = (
				3D2785D12F5754A1002FD92E /* SwiftUI.framework in Frameworks */,
				3D2785CF2F5754A1002FD92E /* WidgetKit.framework in Frameworks */,
			);
			runOnlyForDeploymentPostprocessing = 0;
		};
		3D2E35402F562703007FF466 /* Frameworks */ = {
			isa = PBXFrameworksBuildPhase;
			buildActionMask = 2147483647;
			files = (
			);
			runOnlyForDeploymentPostprocessing = 0;
		};
		3D2E354C2F562705007FF466 /* Frameworks */ = {
			isa = PBXFrameworksBuildPhase;
			buildActionMask = 2147483647;
			files = (
			);
			runOnlyForDeploymentPostprocessing = 0;
		};
		3D2E35562F562705007FF466 /* Frameworks */ = {
			isa = PBXFrameworksBuildPhase;
			buildActionMask = 2147483647;
			files = (
			);
			runOnlyForDeploymentPostprocessing = 0;
		};
		3D4A001D2E72D7A6001FEF4A /* Frameworks */ = {
			isa = PBXFrameworksBuildPhase;
			buildActionMask = 2147483647;
			files = (
			);
			runOnlyForDeploymentPostprocessing = 0;
		};
		3D4A00302E72D7A7001FEF4A /* Frameworks */ = {
			isa = PBXFrameworksBuildPhase;
			buildActionMask = 2147483647;
			files = (
			);
			runOnlyForDeploymentPostprocessing = 0;
		};
		3D4A003A2E72D7A7001FEF4A /* Frameworks */ = {
			isa = PBXFrameworksBuildPhase;
			buildActionMask = 2147483647;
			files = (
			);
			runOnlyForDeploymentPostprocessing = 0;
		};
/* End PBXFrameworksBuildPhase section */

/* Begin PBXGroup section */
		3D2785CD2F5754A1002FD92E /* Frameworks */ = {
			isa = PBXGroup;
			children = (
				3D2785CE2F5754A1002FD92E /* WidgetKit.framework */,
				3D2785D02F5754A1002FD92E /* SwiftUI.framework */,
			);
			name = Frameworks;
			sourceTree = "<group>";
		};
		3D4A00172E72D7A6001FEF4A = {
			isa = PBXGroup;
			children = (
				3D4A00222E72D7A6001FEF4A /* track_fit */,
				3D4A00362E72D7A7001FEF4A /* track_fitTests */,
				3D4A00402E72D7A7001FEF4A /* track_fitUITests */,
				3D2E35442F562703007FF466 /* track_fit Watch App Watch App */,
				3D2E35522F562705007FF466 /* track_fit Watch App Watch AppTests */,
				3D2E355C2F562705007FF466 /* track_fit Watch App Watch AppUITests */,
				3D2785D22F5754A1002FD92E /* TrackFitWidget */,
				3D2785CD2F5754A1002FD92E /* Frameworks */,
				3D4A00212E72D7A6001FEF4A /* Products */,
			);
			sourceTree = "<group>";
		};
		3D4A00212E72D7A6001FEF4A /* Products */ = {
			isa = PBXGroup;
			children = (
				3D4A00202E72D7A6001FEF4A /* track_fit.app */,
				3D4A00332E72D7A7001FEF4A /* track_fitTests.xctest */,
				3D4A003D2E72D7A7001FEF4A /* track_fitUITests.xctest */,
				3D2E35432F562703007FF466 /* track_fit Watch App Watch App.app */,
				3D2E354F2F562705007FF466 /* track_fit Watch App Watch AppTests.xctest */,
				3D2E35592F562705007FF466 /* track_fit Watch App Watch AppUITests.xctest */,
				3D2785CC2F5754A1002FD92E /* TrackFitWidgetExtension.appex */,
			);
			name = Products;
			sourceTree = "<group>";
		};
/* End PBXGroup section */

/* Begin PBXNativeTarget section */
		3D2785CB2F5754A1002FD92E /* TrackFitWidgetExtension */ = {
			isa = PBXNativeTarget;
			buildConfigurationList = 3D2785E72F5754A2002FD92E /* Build configuration list for PBXNativeTarget "TrackFitWidgetExtension" */;
			buildPhases = (
				3D2785C82F5754A1002FD92E /* Sources */,
				3D2785C92F5754A1002FD92E /* Frameworks */,
				3D2785CA2F5754A1002FD92E /* Resources */,
			);
			buildRules = (
			);
			dependencies = (
			);
			fileSystemSynchronizedGroups = (
				3D2785D22F5754A1002FD92E /* TrackFitWidget */,
			);
			name = TrackFitWidgetExtension;
			packageProductDependencies = (
			);
			productName = TrackFitWidgetExtension;
			productReference = 3D2785CC2F5754A1002FD92E /* TrackFitWidgetExtension.appex */;
			productType = "com.apple.product-type.app-extension";
		};
		3D2E35422F562703007FF466 /* track_fit Watch App Watch App */ = {
			isa = PBXNativeTarget;
			buildConfigurationList = 3D2E35642F562705007FF466 /* Build configuration list for PBXNativeTarget "track_fit Watch App Watch App" */;
			buildPhases = (
				3D2E353F2F562703007FF466 /* Sources */,
				3D2E35402F562703007FF466 /* Frameworks */,
				3D2E35412F562703007FF466 /* Resources */,
			);
			buildRules = (
			);
			dependencies = (
			);
			fileSystemSynchronizedGroups = (
				3D2E35442F562703007FF466 /* track_fit Watch App Watch App */,
			);
			name = "track_fit Watch App Watch App";
			packageProductDependencies = (
			);
			productName = "track_fit Watch App Watch App";
			productReference = 3D2E35432F562703007FF466 /* track_fit Watch App Watch App.app */;
			productType = "com.apple.product-type.application";
		};
		3D2E354E2F562705007FF466 /* track_fit Watch App Watch AppTests */ = {
			isa = PBXNativeTarget;
			buildConfigurationList = 3D2E35682F562705007FF466 /* Build configuration list for PBXNativeTarget "track_fit Watch App Watch AppTests" */;
			buildPhases = (
				3D2E354B2F562705007FF466 /* Sources */,
				3D2E354C2F562705007FF466 /* Frameworks */,
				3D2E354D2F562705007FF466 /* Resources */,
			);
			buildRules = (
			);
			dependencies = (
				3D2E35512F562705007FF466 /* PBXTargetDependency */,
			);
			fileSystemSynchronizedGroups = (
				3D2E35522F562705007FF466 /* track_fit Watch App Watch AppTests */,
			);
			name = "track_fit Watch App Watch AppTests";
			packageProductDependencies = (
			);
			productName = "track_fit Watch App Watch AppTests";
			productReference = 3D2E354F2F562705007FF466 /* track_fit Watch App Watch AppTests.xctest */;
			productType = "com.apple.product-type.bundle.unit-test";
		};
		3D2E35582F562705007FF466 /* track_fit Watch App Watch AppUITests */ = {
			isa = PBXNativeTarget;
			buildConfigurationList = 3D2E356B2F562705007FF466 /* Build configuration list for PBXNativeTarget "track_fit Watch App Watch AppUITests" */;
			buildPhases = (
				3D2E35552F562705007FF466 /* Sources */,
				3D2E35562F562705007FF466 /* Frameworks */,
				3D2E35572F562705007FF466 /* Resources */,
			);
			buildRules = (
			);
			dependencies = (
				3D2E355B2F562705007FF466 /* PBXTargetDependency */,
			);
			fileSystemSynchronizedGroups = (
				3D2E355C2F562705007FF466 /* track_fit Watch App Watch AppUITests */,
			);
			name = "track_fit Watch App Watch AppUITests";
			packageProductDependencies = (
			);
			productName = "track_fit Watch App Watch AppUITests";
			productReference = 3D2E35592F562705007FF466 /* track_fit Watch App Watch AppUITests.xctest */;
			productType = "com.apple.product-type.bundle.ui-testing";
		};
		3D4A001F2E72D7A6001FEF4A /* track_fit */ = {
			isa = PBXNativeTarget;
			buildConfigurationList = 3D4A00472E72D7A7001FEF4A /* Build configuration list for PBXNativeTarget "track_fit" */;
			buildPhases = (
				3D4A001C2E72D7A6001FEF4A /* Sources */,
				3D4A001D2E72D7A6001FEF4A /* Frameworks */,
				3D4A001E2E72D7A6001FEF4A /* Resources */,
				3D2E35672F562705007FF466 /* Embed Watch Content */,
				3D2785E32F5754A2002FD92E /* Embed Foundation Extensions */,
			);
			buildRules = (
			);
			dependencies = (
				3D2E35622F562705007FF466 /* PBXTargetDependency */,
				3D2785E12F5754A2002FD92E /* PBXTargetDependency */,
			);
			fileSystemSynchronizedGroups = (
				3D4A00222E72D7A6001FEF4A /* track_fit */,
			);
			name = track_fit;
			packageProductDependencies = (
			);
			productName = track_fit;
			productReference = 3D4A00202E72D7A6001FEF4A /* track_fit.app */;
			productType = "com.apple.product-type.application";
		};
		3D4A00322E72D7A7001FEF4A /* track_fitTests */ = {
			isa = PBXNativeTarget;
			buildConfigurationList = 3D4A004A2E72D7A7001FEF4A /* Build configuration list for PBXNativeTarget "track_fitTests" */;
			buildPhases = (
				3D4A002F2E72D7A7001FEF4A /* Sources */,
				3D4A00302E72D7A7001FEF4A /* Frameworks */,
				3D4A00312E72D7A7001FEF4A /* Resources */,
			);
			buildRules = (
			);
			dependencies = (
				3D4A00352E72D7A7001FEF4A /* PBXTargetDependency */,
			);
			fileSystemSynchronizedGroups = (
				3D4A00362E72D7A7001FEF4A /* track_fitTests */,
			);
			name = track_fitTests;
			packageProductDependencies = (
			);
			productName = track_fitTests;
			productReference = 3D4A00332E72D7A7001FEF4A /* track_fitTests.xctest */;
			productType = "com.apple.product-type.bundle.unit-test";
		};
		3D4A003C2E72D7A7001FEF4A /* track_fitUITests */ = {
			isa = PBXNativeTarget;
			buildConfigurationList = 3D4A004D2E72D7A7001FEF4A /* Build configuration list for PBXNativeTarget "track_fitUITests" */;
			buildPhases = (
				3D4A00392E72D7A7001FEF4A /* Sources */,
				3D4A003A2E72D7A7001FEF4A /* Frameworks */,
				3D4A003B2E72D7A7001FEF4A /* Resources */,
			);
			buildRules = (
			);
			dependencies = (
				3D4A003F2E72D7A7001FEF4A /* PBXTargetDependency */,
			);
			fileSystemSynchronizedGroups = (
				3D4A00402E72D7A7001FEF4A /* track_fitUITests */,
			);
			name = track_fitUITests;
			packageProductDependencies = (
			);
			productName = track_fitUITests;
			productReference = 3D4A003D2E72D7A7001FEF4A /* track_fitUITests.xctest */;
			productType = "com.apple.product-type.bundle.ui-testing";
		};
/* End PBXNativeTarget section */

/* Begin PBXProject section */
		3D4A00182E72D7A6001FEF4A /* Project object */ = {
			isa = PBXProject;
			attributes = {
				BuildIndependentTargetsInParallel = 1;
				LastSwiftUpdateCheck = 2630;
				LastUpgradeCheck = 2630;
				TargetAttributes = {
					3D2785CB2F5754A1002FD92E = {
						CreatedOnToolsVersion = 26.3;
					};
					3D2E35422F562703007FF466 = {
						CreatedOnToolsVersion = 26.3;
					};
					3D2E354E2F562705007FF466 = {
						CreatedOnToolsVersion = 26.3;
						TestTargetID = 3D2E35422F562703007FF466;
					};
					3D2E35582F562705007FF466 = {
						CreatedOnToolsVersion = 26.3;
						TestTargetID = 3D2E35422F562703007FF466;
					};
					3D4A001F2E72D7A6001FEF4A = {
						CreatedOnToolsVersion = 16.4;
					};
					3D4A00322E72D7A7001FEF4A = {
						CreatedOnToolsVersion = 16.4;
						TestTargetID = 3D4A001F2E72D7A6001FEF4A;
					};
					3D4A003C2E72D7A7001FEF4A = {
						CreatedOnToolsVersion = 16.4;
						TestTargetID = 3D4A001F2E72D7A6001FEF4A;
					};
				};
			};
			buildConfigurationList = 3D4A001B2E72D7A6001FEF4A /* Build configuration list for PBXProject "track_fit" */;
			developmentRegion = en;
			hasScannedForEncodings = 0;
			knownRegions = (
				en,
				Base,
			);
			mainGroup = 3D4A00172E72D7A6001FEF4A;
			minimizedProjectReferenceProxies = 1;
			preferredProjectObjectVersion = 77;
			productRefGroup = 3D4A00212E72D7A6001FEF4A /* Products */;
			projectDirPath = "";
			projectRoot = "";
			targets = (
				3D4A001F2E72D7A6001FEF4A /* track_fit */,
				3D4A00322E72D7A7001FEF4A /* track_fitTests */,
				3D4A003C2E72D7A7001FEF4A /* track_fitUITests */,
				3D2E35422F562703007FF466 /* track_fit Watch App Watch App */,
				3D2E354E2F562705007FF466 /* track_fit Watch App Watch AppTests */,
				3D2E35582F562705007FF466 /* track_fit Watch App Watch AppUITests */,
				3D2785CB2F5754A1002FD92E /* TrackFitWidgetExtension */,
			);
		};
/* End PBXProject section */

/* Begin PBXResourcesBuildPhase section */
		3D2785CA2F5754A1002FD92E /* Resources */ = {
			isa = PBXResourcesBuildPhase;
			buildActionMask = 2147483647;
			files = (
			);
			runOnlyForDeploymentPostprocessing = 0;
		};
		3D2E35412F562703007FF466 /* Resources */ = {
			isa = PBXResourcesBuildPhase;
			buildActionMask = 2147483647;
			files = (
			);
			runOnlyForDeploymentPostprocessing = 0;
		};
		3D2E354D2F562705007FF466 /* Resources */ = {
			isa = PBXResourcesBuildPhase;
			buildActionMask = 2147483647;
			files = (
			);
			runOnlyForDeploymentPostprocessing = 0;
		};
		3D2E35572F562705007FF466 /* Resources */ = {
			isa = PBXResourcesBuildPhase;
			buildActionMask = 2147483647;
			files = (
			);
			runOnlyForDeploymentPostprocessing = 0;
		};
		3D4A001E2E72D7A6001FEF4A /* Resources */ = {
			isa = PBXResourcesBuildPhase;
			buildActionMask = 2147483647;
			files = (
			);
			runOnlyForDeploymentPostprocessing = 0;
		};
		3D4A00312E72D7A7001FEF4A /* Resources */ = {
			isa = PBXResourcesBuildPhase;
			buildActionMask = 2147483647;
			files = (
			);
			runOnlyForDeploymentPostprocessing = 0;
		};
		3D4A003B2E72D7A7001FEF4A /* Resources */ = {
			isa = PBXResourcesBuildPhase;
			buildActionMask = 2147483647;
			files = (
			);
			runOnlyForDeploymentPostprocessing = 0;
		};
/* End PBXResourcesBuildPhase section */

/* Begin PBXSourcesBuildPhase section */
		3D2785C82F5754A1002FD92E /* Sources */ = {
			isa = PBXSourcesBuildPhase;
			buildActionMask = 2147483647;
			files = (
			);
			runOnlyForDeploymentPostprocessing = 0;
		};
		3D2E353F2F562703007FF466 /* Sources */ = {
			isa = PBXSourcesBuildPhase;
			buildActionMask = 2147483647;
			files = (
			);
			runOnlyForDeploymentPostprocessing = 0;
		};
		3D2E354B2F562705007FF466 /* Sources */ = {
			isa = PBXSourcesBuildPhase;
			buildActionMask = 2147483647;
			files = (
			);
			runOnlyForDeploymentPostprocessing = 0;
		};
		3D2E35552F562705007FF466 /* Sources */ = {
			isa = PBXSourcesBuildPhase;
			buildActionMask = 2147483647;
			files = (
			);
			runOnlyForDeploymentPostprocessing = 0;
		};
		3D4A001C2E72D7A6001FEF4A /* Sources */ = {
			isa = PBXSourcesBuildPhase;
			buildActionMask = 2147483647;
			files = (
			);
			runOnlyForDeploymentPostprocessing = 0;
		};
		3D4A002F2E72D7A7001FEF4A /* Sources */ = {
			isa = PBXSourcesBuildPhase;
			buildActionMask = 2147483647;
			files = (
			);
			runOnlyForDeploymentPostprocessing = 0;
		};
		3D4A00392E72D7A7001FEF4A /* Sources */ = {
			isa = PBXSourcesBuildPhase;
			buildActionMask = 2147483647;
			files = (
			);
			runOnlyForDeploymentPostprocessing = 0;
		};
/* End PBXSourcesBuildPhase section */

/* Begin PBXTargetDependency section */
		3D2785E12F5754A2002FD92E /* PBXTargetDependency */ = {
			isa = PBXTargetDependency;
			target = 3D2785CB2F5754A1002FD92E /* TrackFitWidgetExtension */;
			targetProxy = 3D2785E02F5754A2002FD92E /* PBXContainerItemProxy */;
		};
		3D2E35512F562705007FF466 /* PBXTargetDependency */ = {
			isa = PBXTargetDependency;
			target = 3D2E35422F562703007FF466 /* track_fit Watch App Watch App */;
			targetProxy = 3D2E35502F562705007FF466 /* PBXContainerItemProxy */;
		};
		3D2E355B2F562705007FF466 /* PBXTargetDependency */ = {
			isa = PBXTargetDependency;
			target = 3D2E35422F562703007FF466 /* track_fit Watch App Watch App */;
			targetProxy = 3D2E355A2F562705007FF466 /* PBXContainerItemProxy */;
		};
		3D2E35622F562705007FF466 /* PBXTargetDependency */ = {
			isa = PBXTargetDependency;
			target = 3D2E35422F562703007FF466 /* track_fit Watch App Watch App */;
			targetProxy = 3D2E35612F562705007FF466 /* PBXContainerItemProxy */;
		};
		3D4A00352E72D7A7001FEF4A /* PBXTargetDependency */ = {
			isa = PBXTargetDependency;
			target = 3D4A001F2E72D7A6001FEF4A /* track_fit */;
			targetProxy = 3D4A00342E72D7A7001FEF4A /* PBXContainerItemProxy */;
		};
		3D4A003F2E72D7A7001FEF4A /* PBXTargetDependency */ = {
			isa = PBXTargetDependency;
			target = 3D4A001F2E72D7A6001FEF4A /* track_fit */;
			targetProxy = 3D4A003E2E72D7A7001FEF4A /* PBXContainerItemProxy */;
		};
/* End PBXTargetDependency section */

/* Begin XCBuildConfiguration section */
		3D2785E42F5754A2002FD92E /* Debug */ = {
			isa = XCBuildConfiguration;
			buildSettings = {
				ASSETCATALOG_COMPILER_GLOBAL_ACCENT_COLOR_NAME = AccentColor;
				ASSETCATALOG_COMPILER_WIDGET_BACKGROUND_COLOR_NAME = WidgetBackground;
				CODE_SIGN_STYLE = Automatic;
				CURRENT_PROJECT_VERSION = 1;
				DEVELOPMENT_TEAM = R7BXW5V4H2;
				GENERATE_INFOPLIST_FILE = YES;
				INFOPLIST_FILE = TrackFitWidget/Info.plist;
				INFOPLIST_KEY_CFBundleDisplayName = TrackFitWidget;
				INFOPLIST_KEY_NSHumanReadableCopyright = "";
				IPHONEOS_DEPLOYMENT_TARGET = 26.2;
				LD_RUNPATH_SEARCH_PATHS = (
					"$(inherited)",
					"@executable_path/Frameworks",
					"@executable_path/../../Frameworks",
				);
				MARKETING_VERSION = 1.0;
				PRODUCT_BUNDLE_IDENTIFIER = "Nacanare.track-fit.TrackFitWidget";
				PRODUCT_NAME = "$(TARGET_NAME)";
				SDKROOT = iphoneos;
				SKIP_INSTALL = YES;
				STRING_CATALOG_GENERATE_SYMBOLS = YES;
				SWIFT_APPROACHABLE_CONCURRENCY = YES;
				SWIFT_EMIT_LOC_STRINGS = YES;
				SWIFT_UPCOMING_FEATURE_MEMBER_IMPORT_VISIBILITY = YES;
				SWIFT_VERSION = 5.0;
				TARGETED_DEVICE_FAMILY = "1,2";
			};
			name = Debug;
		};
		3D2785E52F5754A2002FD92E /* Release */ = {
			isa = XCBuildConfiguration;
			buildSettings = {
				ASSETCATALOG_COMPILER_GLOBAL_ACCENT_COLOR_NAME = AccentColor;
				ASSETCATALOG_COMPILER_WIDGET_BACKGROUND_COLOR_NAME = WidgetBackground;
				CODE_SIGN_STYLE = Automatic;
				CURRENT_PROJECT_VERSION = 1;
				DEVELOPMENT_TEAM = R7BXW5V4H2;
				GENERATE_INFOPLIST_FILE = YES;
				INFOPLIST_FILE = TrackFitWidget/Info.plist;
				INFOPLIST_KEY_CFBundleDisplayName = TrackFitWidget;
				INFOPLIST_KEY_NSHumanReadableCopyright = "";
				IPHONEOS_DEPLOYMENT_TARGET = 26.2;
				LD_RUNPATH_SEARCH_PATHS = (
					"$(inherited)",
					"@executable_path/Frameworks",
					"@executable_path/../../Frameworks",
				);
				MARKETING_VERSION = 1.0;
				PRODUCT_BUNDLE_IDENTIFIER = "Nacanare.track-fit.TrackFitWidget";
				PRODUCT_NAME = "$(TARGET_NAME)";
				SDKROOT = iphoneos;
				SKIP_INSTALL = YES;
				STRING_CATALOG_GENERATE_SYMBOLS = YES;
				SWIFT_APPROACHABLE_CONCURRENCY = YES;
				SWIFT_EMIT_LOC_STRINGS = YES;
				SWIFT_UPCOMING_FEATURE_MEMBER_IMPORT_VISIBILITY = YES;
				SWIFT_VERSION = 5.0;
				TARGETED_DEVICE_FAMILY = "1,2";
				VALIDATE_PRODUCT = YES;
			};
			name = Release;
		};
		3D2E35652F562705007FF466 /* Debug */ = {
			isa = XCBuildConfiguration;
			buildSettings = {
				ASSETCATALOG_COMPILER_APPICON_NAME = AppIcon;
				ASSETCATALOG_COMPILER_GLOBAL_ACCENT_COLOR_NAME = AccentColor;
				CODE_SIGN_ENTITLEMENTS = "track_fit Watch App Watch App/track_fit Watch App Watch App.entitlements";
				CODE_SIGN_STYLE = Automatic;
				CURRENT_PROJECT_VERSION = 1;
				DEVELOPMENT_TEAM = R7BXW5V4H2;
				ENABLE_PREVIEWS = YES;
				GENERATE_INFOPLIST_FILE = YES;
				INFOPLIST_KEY_CFBundleDisplayName = "track_fit Watch App";
				INFOPLIST_KEY_NSHealthShareUsageDescription = "TrackFit needs access to read your heart rate and active energy during workouts.";
				INFOPLIST_KEY_NSHealthUpdateUsageDescription = "TrackFit uses HealthKit to save workout records when you finish a session on your Apple Watch.";
				INFOPLIST_KEY_UISupportedInterfaceOrientations = "UIInterfaceOrientationPortrait UIInterfaceOrientationPortraitUpsideDown";
				INFOPLIST_KEY_WKCompanionAppBundleIdentifier = "Nacanare.track-fit";
				INFOPLIST_KEY_WKRunsIndependentlyOfCompanionApp = NO;
				LD_RUNPATH_SEARCH_PATHS = (
					"$(inherited)",
					"@executable_path/Frameworks",
				);
				MARKETING_VERSION = 1.0;
				PRODUCT_BUNDLE_IDENTIFIER = "Nacanare.track-fit.watchkitapp";
				PRODUCT_NAME = "$(TARGET_NAME)";
				SDKROOT = watchos;
				SKIP_INSTALL = YES;
				STRING_CATALOG_GENERATE_SYMBOLS = YES;
				SWIFT_APPROACHABLE_CONCURRENCY = YES;
				SWIFT_DEFAULT_ACTOR_ISOLATION = MainActor;
				SWIFT_EMIT_LOC_STRINGS = YES;
				SWIFT_UPCOMING_FEATURE_MEMBER_IMPORT_VISIBILITY = YES;
				SWIFT_VERSION = 5.0;
				TARGETED_DEVICE_FAMILY = 4;
				WATCHOS_DEPLOYMENT_TARGET = 26.0;
			};
			name = Debug;
		};
		3D2E35662F562705007FF466 /* Release */ = {
			isa = XCBuildConfiguration;
			buildSettings = {
				ASSETCATALOG_COMPILER_APPICON_NAME = AppIcon;
				ASSETCATALOG_COMPILER_GLOBAL_ACCENT_COLOR_NAME = AccentColor;
				CODE_SIGN_ENTITLEMENTS = "track_fit Watch App Watch App/track_fit Watch App Watch App.entitlements";
				CODE_SIGN_STYLE = Automatic;
				CURRENT_PROJECT_VERSION = 1;
				DEVELOPMENT_TEAM = R7BXW5V4H2;
				ENABLE_PREVIEWS = YES;
				GENERATE_INFOPLIST_FILE = YES;
				INFOPLIST_KEY_CFBundleDisplayName = "track_fit Watch App";
				INFOPLIST_KEY_NSHealthShareUsageDescription = "TrackFit needs access to read your heart rate and active energy during workouts.";
				INFOPLIST_KEY_NSHealthUpdateUsageDescription = "TrackFit uses HealthKit to save workout records when you finish a session on your Apple Watch.";
				INFOPLIST_KEY_UISupportedInterfaceOrientations = "UIInterfaceOrientationPortrait UIInterfaceOrientationPortraitUpsideDown";
				INFOPLIST_KEY_WKCompanionAppBundleIdentifier = "Nacanare.track-fit";
				INFOPLIST_KEY_WKRunsIndependentlyOfCompanionApp = NO;
				LD_RUNPATH_SEARCH_PATHS = (
					"$(inherited)",
					"@executable_path/Frameworks",
				);
				MARKETING_VERSION = 1.0;
				PRODUCT_BUNDLE_IDENTIFIER = "Nacanare.track-fit.watchkitapp";
				PRODUCT_NAME = "$(TARGET_NAME)";
				SDKROOT = watchos;
				SKIP_INSTALL = YES;
				STRING_CATALOG_GENERATE_SYMBOLS = YES;
				SWIFT_APPROACHABLE_CONCURRENCY = YES;
				SWIFT_DEFAULT_ACTOR_ISOLATION = MainActor;
				SWIFT_EMIT_LOC_STRINGS = YES;
				SWIFT_UPCOMING_FEATURE_MEMBER_IMPORT_VISIBILITY = YES;
				SWIFT_VERSION = 5.0;
				TARGETED_DEVICE_FAMILY = 4;
				VALIDATE_PRODUCT = YES;
				WATCHOS_DEPLOYMENT_TARGET = 26.0;
			};
			name = Release;
		};
		3D2E35692F562705007FF466 /* Debug */ = {
			isa = XCBuildConfiguration;
			buildSettings = {
				BUNDLE_LOADER = "$(TEST_HOST)";
				CODE_SIGN_STYLE = Automatic;
				CURRENT_PROJECT_VERSION = 1;
				DEVELOPMENT_TEAM = R7BXW5V4H2;
				GENERATE_INFOPLIST_FILE = YES;
				MARKETING_VERSION = 1.0;
				PRODUCT_BUNDLE_IDENTIFIER = "com.nacanare.track-fit-Watch-App-Watch-AppTests";
				PRODUCT_NAME = "$(TARGET_NAME)";
				SDKROOT = watchos;
				STRING_CATALOG_GENERATE_SYMBOLS = NO;
				SWIFT_APPROACHABLE_CONCURRENCY = YES;
				SWIFT_EMIT_LOC_STRINGS = NO;
				SWIFT_UPCOMING_FEATURE_MEMBER_IMPORT_VISIBILITY = YES;
				SWIFT_VERSION = 5.0;
				TARGETED_DEVICE_FAMILY = 4;
				TEST_HOST = "$(BUILT_PRODUCTS_DIR)/track_fit Watch App Watch App.app/$(BUNDLE_EXECUTABLE_FOLDER_PATH)/track_fit Watch App Watch App";
				WATCHOS_DEPLOYMENT_TARGET = 26.2;
			};
			name = Debug;
		};
		3D2E356A2F562705007FF466 /* Release */ = {
			isa = XCBuildConfiguration;
			buildSettings = {
				BUNDLE_LOADER = "$(TEST_HOST)";
				CODE_SIGN_STYLE = Automatic;
				CURRENT_PROJECT_VERSION = 1;
				DEVELOPMENT_TEAM = R7BXW5V4H2;
				GENERATE_INFOPLIST_FILE = YES;
				MARKETING_VERSION = 1.0;
				PRODUCT_BUNDLE_IDENTIFIER = "com.nacanare.track-fit-Watch-App-Watch-AppTests";
				PRODUCT_NAME = "$(TARGET_NAME)";
				SDKROOT = watchos;
				STRING_CATALOG_GENERATE_SYMBOLS = NO;
				SWIFT_APPROACHABLE_CONCURRENCY = YES;
				SWIFT_EMIT_LOC_STRINGS = NO;
				SWIFT_UPCOMING_FEATURE_MEMBER_IMPORT_VISIBILITY = YES;
				SWIFT_VERSION = 5.0;
				TARGETED_DEVICE_FAMILY = 4;
				TEST_HOST = "$(BUILT_PRODUCTS_DIR)/track_fit Watch App Watch App.app/$(BUNDLE_EXECUTABLE_FOLDER_PATH)/track_fit Watch App Watch App";
				VALIDATE_PRODUCT = YES;
				WATCHOS_DEPLOYMENT_TARGET = 26.2;
			};
			name = Release;
		};
		3D2E356C2F562705007FF466 /* Debug */ = {
			isa = XCBuildConfiguration;
			buildSettings = {
				CODE_SIGN_STYLE = Automatic;
				CURRENT_PROJECT_VERSION = 1;
				DEVELOPMENT_TEAM = R7BXW5V4H2;
				GENERATE_INFOPLIST_FILE = YES;
				MARKETING_VERSION = 1.0;
				PRODUCT_BUNDLE_IDENTIFIER = "com.nacanare.track-fit-Watch-App-Watch-AppUITests";
				PRODUCT_NAME = "$(TARGET_NAME)";
				SDKROOT = watchos;
				STRING_CATALOG_GENERATE_SYMBOLS = NO;
				SWIFT_APPROACHABLE_CONCURRENCY = YES;
				SWIFT_EMIT_LOC_STRINGS = NO;
				SWIFT_UPCOMING_FEATURE_MEMBER_IMPORT_VISIBILITY = YES;
				SWIFT_VERSION = 5.0;
				TARGETED_DEVICE_FAMILY = 4;
				TEST_TARGET_NAME = "track_fit Watch App Watch App";
				WATCHOS_DEPLOYMENT_TARGET = 26.2;
			};
			name = Debug;
		};
		3D2E356D2F562705007FF466 /* Release */ = {
			isa = XCBuildConfiguration;
			buildSettings = {
				CODE_SIGN_STYLE = Automatic;
				CURRENT_PROJECT_VERSION = 1;
				DEVELOPMENT_TEAM = R7BXW5V4H2;
				GENERATE_INFOPLIST_FILE = YES;
				MARKETING_VERSION = 1.0;
				PRODUCT_BUNDLE_IDENTIFIER = "com.nacanare.track-fit-Watch-App-Watch-AppUITests";
				PRODUCT_NAME = "$(TARGET_NAME)";
				SDKROOT = watchos;
				STRING_CATALOG_GENERATE_SYMBOLS = NO;
				SWIFT_APPROACHABLE_CONCURRENCY = YES;
				SWIFT_EMIT_LOC_STRINGS = NO;
				SWIFT_UPCOMING_FEATURE_MEMBER_IMPORT_VISIBILITY = YES;
				SWIFT_VERSION = 5.0;
				TARGETED_DEVICE_FAMILY = 4;
				TEST_TARGET_NAME = "track_fit Watch App Watch App";
				VALIDATE_PRODUCT = YES;
				WATCHOS_DEPLOYMENT_TARGET = 26.2;
			};
			name = Release;
		};
		3D4A00452E72D7A7001FEF4A /* Debug */ = {
			isa = XCBuildConfiguration;
			buildSettings = {
				ALWAYS_SEARCH_USER_PATHS = NO;
				ASSETCATALOG_COMPILER_GENERATE_SWIFT_ASSET_SYMBOL_EXTENSIONS = YES;
				CLANG_ANALYZER_NONNULL = YES;
				CLANG_ANALYZER_NUMBER_OBJECT_CONVERSION = YES_AGGRESSIVE;
				CLANG_CXX_LANGUAGE_STANDARD = "gnu++20";
				CLANG_ENABLE_MODULES = YES;
				CLANG_ENABLE_OBJC_ARC = YES;
				CLANG_ENABLE_OBJC_WEAK = YES;
				CLANG_WARN_BLOCK_CAPTURE_AUTORELEASING = YES;
				CLANG_WARN_BOOL_CONVERSION = YES;
				CLANG_WARN_COMMA = YES;
				CLANG_WARN_CONSTANT_CONVERSION = YES;
				CLANG_WARN_DEPRECATED_OBJC_IMPLEMENTATIONS = YES;
				CLANG_WARN_DIRECT_OBJC_ISA_USAGE = YES_ERROR;
				CLANG_WARN_DOCUMENTATION_COMMENTS = YES;
				CLANG_WARN_EMPTY_BODY = YES;
				CLANG_WARN_ENUM_CONVERSION = YES;
				CLANG_WARN_INFINITE_RECURSION = YES;
				CLANG_WARN_INT_CONVERSION = YES;
				CLANG_WARN_NON_LITERAL_NULL_CONVERSION = YES;
				CLANG_WARN_OBJC_IMPLICIT_RETAIN_SELF = YES;
				CLANG_WARN_OBJC_LITERAL_CONVERSION = YES;
				CLANG_WARN_OBJC_ROOT_CLASS = YES_ERROR;
				CLANG_WARN_QUOTED_INCLUDE_IN_FRAMEWORK_HEADER = YES;
				CLANG_WARN_RANGE_LOOP_ANALYSIS = YES;
				CLANG_WARN_STRICT_PROTOTYPES = YES;
				CLANG_WARN_SUSPICIOUS_MOVE = YES;
				CLANG_WARN_UNGUARDED_AVAILABILITY = YES_AGGRESSIVE;
				CLANG_WARN_UNREACHABLE_CODE = YES;
				CLANG_WARN__DUPLICATE_METHOD_MATCH = YES;
				COPY_PHASE_STRIP = NO;
				DEAD_CODE_STRIPPING = YES;
				DEBUG_INFORMATION_FORMAT = dwarf;
				ENABLE_STRICT_OBJC_MSGSEND = YES;
				ENABLE_TESTABILITY = YES;
				ENABLE_USER_SCRIPT_SANDBOXING = YES;
				GCC_C_LANGUAGE_STANDARD = gnu17;
				GCC_DYNAMIC_NO_PIC = NO;
				GCC_NO_COMMON_BLOCKS = YES;
				GCC_OPTIMIZATION_LEVEL = 0;
				GCC_PREPROCESSOR_DEFINITIONS = (
					"DEBUG=1",
					"$(inherited)",
				);
				GCC_WARN_64_TO_32_BIT_CONVERSION = YES;
				GCC_WARN_ABOUT_RETURN_TYPE = YES_ERROR;
				GCC_WARN_UNDECLARED_SELECTOR = YES;
				GCC_WARN_UNINITIALIZED_AUTOS = YES_AGGRESSIVE;
				GCC_WARN_UNUSED_FUNCTION = YES;
				GCC_WARN_UNUSED_VARIABLE = YES;
				INFOPLIST_KEY_NSSupportsLiveActivities = YES;
				LOCALIZATION_PREFERS_STRING_CATALOGS = YES;
				MTL_ENABLE_DEBUG_INFO = INCLUDE_SOURCE;
				MTL_FAST_MATH = YES;
				ONLY_ACTIVE_ARCH = YES;
				STRING_CATALOG_GENERATE_SYMBOLS = YES;
				SWIFT_ACTIVE_COMPILATION_CONDITIONS = "DEBUG $(inherited)";
				SWIFT_OPTIMIZATION_LEVEL = "-Onone";
			};
			name = Debug;
		};
		3D4A00462E72D7A7001FEF4A /* Release */ = {
			isa = XCBuildConfiguration;
			buildSettings = {
				ALWAYS_SEARCH_USER_PATHS = NO;
				ASSETCATALOG_COMPILER_GENERATE_SWIFT_ASSET_SYMBOL_EXTENSIONS = YES;
				CLANG_ANALYZER_NONNULL = YES;
				CLANG_ANALYZER_NUMBER_OBJECT_CONVERSION = YES_AGGRESSIVE;
				CLANG_CXX_LANGUAGE_STANDARD = "gnu++20";
				CLANG_ENABLE_MODULES = YES;
				CLANG_ENABLE_OBJC_ARC = YES;
				CLANG_ENABLE_OBJC_WEAK = YES;
				CLANG_WARN_BLOCK_CAPTURE_AUTORELEASING = YES;
				CLANG_WARN_BOOL_CONVERSION = YES;
				CLANG_WARN_COMMA = YES;
				CLANG_WARN_CONSTANT_CONVERSION = YES;
				CLANG_WARN_DEPRECATED_OBJC_IMPLEMENTATIONS = YES;
				CLANG_WARN_DIRECT_OBJC_ISA_USAGE = YES_ERROR;
				CLANG_WARN_DOCUMENTATION_COMMENTS = YES;
				CLANG_WARN_EMPTY_BODY = YES;
				CLANG_WARN_ENUM_CONVERSION = YES;
				CLANG_WARN_INFINITE_RECURSION = YES;
				CLANG_WARN_INT_CONVERSION = YES;
				CLANG_WARN_NON_LITERAL_NULL_CONVERSION = YES;
				CLANG_WARN_OBJC_IMPLICIT_RETAIN_SELF = YES;
				CLANG_WARN_OBJC_LITERAL_CONVERSION = YES;
				CLANG_WARN_OBJC_ROOT_CLASS = YES_ERROR;
				CLANG_WARN_QUOTED_INCLUDE_IN_FRAMEWORK_HEADER = YES;
				CLANG_WARN_RANGE_LOOP_ANALYSIS = YES;
				CLANG_WARN_STRICT_PROTOTYPES = YES;
				CLANG_WARN_SUSPICIOUS_MOVE = YES;
				CLANG_WARN_UNGUARDED_AVAILABILITY = YES_AGGRESSIVE;
				CLANG_WARN_UNREACHABLE_CODE = YES;
				CLANG_WARN__DUPLICATE_METHOD_MATCH = YES;
				COPY_PHASE_STRIP = NO;
				DEAD_CODE_STRIPPING = YES;
				DEBUG_INFORMATION_FORMAT = "dwarf-with-dsym";
				ENABLE_NS_ASSERTIONS = NO;
				ENABLE_STRICT_OBJC_MSGSEND = YES;
				ENABLE_USER_SCRIPT_SANDBOXING = YES;
				GCC_C_LANGUAGE_STANDARD = gnu17;
				GCC_NO_COMMON_BLOCKS = YES;
				GCC_WARN_64_TO_32_BIT_CONVERSION = YES;
				GCC_WARN_ABOUT_RETURN_TYPE = YES_ERROR;
				GCC_WARN_UNDECLARED_SELECTOR = YES;
				GCC_WARN_UNINITIALIZED_AUTOS = YES_AGGRESSIVE;
				GCC_WARN_UNUSED_FUNCTION = YES;
				GCC_WARN_UNUSED_VARIABLE = YES;
				INFOPLIST_KEY_NSSupportsLiveActivities = YES;
				LOCALIZATION_PREFERS_STRING_CATALOGS = YES;
				MTL_ENABLE_DEBUG_INFO = NO;
				MTL_FAST_MATH = YES;
				STRING_CATALOG_GENERATE_SYMBOLS = YES;
				SWIFT_COMPILATION_MODE = wholemodule;
			};
			name = Release;
		};
		3D4A00482E72D7A7001FEF4A /* Debug */ = {
			isa = XCBuildConfiguration;
			buildSettings = {
				ASSETCATALOG_COMPILER_APPICON_NAME = AppIcon;
				ASSETCATALOG_COMPILER_GLOBAL_ACCENT_COLOR_NAME = AccentColor;
				CODE_SIGN_ENTITLEMENTS = track_fit/track_fit.entitlements;
				"CODE_SIGN_IDENTITY[sdk=macosx*]" = "Apple Development";
				CODE_SIGN_STYLE = Automatic;
				CURRENT_PROJECT_VERSION = 1;
				DEAD_CODE_STRIPPING = YES;
				DEVELOPMENT_TEAM = R7BXW5V4H2;
				ENABLE_APP_SANDBOX = YES;
				ENABLE_PREVIEWS = YES;
				ENABLE_USER_SELECTED_FILES = readonly;
				GENERATE_INFOPLIST_FILE = YES;
				INFOPLIST_KEY_NSHealthShareUsageDescription = "TrackFit needs access to read your health data to improve fitness insights.";
				INFOPLIST_KEY_NSHealthUpdateUsageDescription = "TrackFit needs access to save your workouts to Apple Health.";
				INFOPLIST_KEY_NSSupportsLiveActivities = YES;
				"INFOPLIST_KEY_UIApplicationSceneManifest_Generation[sdk=iphoneos*]" = YES;
				"INFOPLIST_KEY_UIApplicationSceneManifest_Generation[sdk=iphonesimulator*]" = YES;
				"INFOPLIST_KEY_UIApplicationSupportsIndirectInputEvents[sdk=iphoneos*]" = YES;
				"INFOPLIST_KEY_UIApplicationSupportsIndirectInputEvents[sdk=iphonesimulator*]" = YES;
				"INFOPLIST_KEY_UILaunchScreen_Generation[sdk=iphoneos*]" = YES;
				"INFOPLIST_KEY_UILaunchScreen_Generation[sdk=iphonesimulator*]" = YES;
				"INFOPLIST_KEY_UIStatusBarStyle[sdk=iphoneos*]" = UIStatusBarStyleDefault;
				"INFOPLIST_KEY_UIStatusBarStyle[sdk=iphonesimulator*]" = UIStatusBarStyleDefault;
				INFOPLIST_KEY_UISupportedInterfaceOrientations_iPad = "UIInterfaceOrientationPortrait UIInterfaceOrientationPortraitUpsideDown UIInterfaceOrientationLandscapeLeft UIInterfaceOrientationLandscapeRight";
				INFOPLIST_KEY_UISupportedInterfaceOrientations_iPhone = "UIInterfaceOrientationPortrait UIInterfaceOrientationLandscapeLeft UIInterfaceOrientationLandscapeRight";
				IPHONEOS_DEPLOYMENT_TARGET = 18.5;
				LD_RUNPATH_SEARCH_PATHS = "@executable_path/Frameworks";
				"LD_RUNPATH_SEARCH_PATHS[sdk=macosx*]" = "@executable_path/../Frameworks";
				MACOSX_DEPLOYMENT_TARGET = 15.5;
				MARKETING_VERSION = 1.0;
				PRODUCT_BUNDLE_IDENTIFIER = "Nacanare.track-fit";
				PRODUCT_NAME = "$(TARGET_NAME)";
				REGISTER_APP_GROUPS = YES;
				SDKROOT = auto;
				SUPPORTED_PLATFORMS = "iphoneos iphonesimulator macosx xros xrsimulator";
				SWIFT_EMIT_LOC_STRINGS = YES;
				SWIFT_VERSION = 5.0;
				TARGETED_DEVICE_FAMILY = "1,2,7";
				XROS_DEPLOYMENT_TARGET = 2.5;
			};
			name = Debug;
		};
		3D4A00492E72D7A7001FEF4A /* Release */ = {
			isa = XCBuildConfiguration;
			buildSettings = {
				ASSETCATALOG_COMPILER_APPICON_NAME = AppIcon;
				ASSETCATALOG_COMPILER_GLOBAL_ACCENT_COLOR_NAME = AccentColor;
				CODE_SIGN_ENTITLEMENTS = track_fit/track_fit.entitlements;
				"CODE_SIGN_IDENTITY[sdk=macosx*]" = "Apple Development";
				CODE_SIGN_STYLE = Automatic;
				CURRENT_PROJECT_VERSION = 1;
				DEAD_CODE_STRIPPING = YES;
				DEVELOPMENT_TEAM = R7BXW5V4H2;
				ENABLE_APP_SANDBOX = YES;
				ENABLE_PREVIEWS = YES;
				ENABLE_USER_SELECTED_FILES = readonly;
				GENERATE_INFOPLIST_FILE = YES;
				INFOPLIST_KEY_NSHealthShareUsageDescription = "TrackFit needs access to read your health data to improve fitness insights.";
				INFOPLIST_KEY_NSHealthUpdateUsageDescription = "TrackFit needs access to save your workouts to Apple Health.";
				INFOPLIST_KEY_NSSupportsLiveActivities = YES;
				"INFOPLIST_KEY_UIApplicationSceneManifest_Generation[sdk=iphoneos*]" = YES;
				"INFOPLIST_KEY_UIApplicationSceneManifest_Generation[sdk=iphonesimulator*]" = YES;
				"INFOPLIST_KEY_UIApplicationSupportsIndirectInputEvents[sdk=iphoneos*]" = YES;
				"INFOPLIST_KEY_UIApplicationSupportsIndirectInputEvents[sdk=iphonesimulator*]" = YES;
				"INFOPLIST_KEY_UILaunchScreen_Generation[sdk=iphoneos*]" = YES;
				"INFOPLIST_KEY_UILaunchScreen_Generation[sdk=iphonesimulator*]" = YES;
				"INFOPLIST_KEY_UIStatusBarStyle[sdk=iphoneos*]" = UIStatusBarStyleDefault;
				"INFOPLIST_KEY_UIStatusBarStyle[sdk=iphonesimulator*]" = UIStatusBarStyleDefault;
				INFOPLIST_KEY_UISupportedInterfaceOrientations_iPad = "UIInterfaceOrientationPortrait UIInterfaceOrientationPortraitUpsideDown UIInterfaceOrientationLandscapeLeft UIInterfaceOrientationLandscapeRight";
				INFOPLIST_KEY_UISupportedInterfaceOrientations_iPhone = "UIInterfaceOrientationPortrait UIInterfaceOrientationLandscapeLeft UIInterfaceOrientationLandscapeRight";
				IPHONEOS_DEPLOYMENT_TARGET = 18.5;
				LD_RUNPATH_SEARCH_PATHS = "@executable_path/Frameworks";
				"LD_RUNPATH_SEARCH_PATHS[sdk=macosx*]" = "@executable_path/../Frameworks";
				MACOSX_DEPLOYMENT_TARGET = 15.5;
				MARKETING_VERSION = 1.0;
				PRODUCT_BUNDLE_IDENTIFIER = "Nacanare.track-fit";
				PRODUCT_NAME = "$(TARGET_NAME)";
				REGISTER_APP_GROUPS = YES;
				SDKROOT = auto;
				SUPPORTED_PLATFORMS = "iphoneos iphonesimulator macosx xros xrsimulator";
				SWIFT_EMIT_LOC_STRINGS = YES;
				SWIFT_VERSION = 5.0;
				TARGETED_DEVICE_FAMILY = "1,2,7";
				XROS_DEPLOYMENT_TARGET = 2.5;
			};
			name = Release;
		};
		3D4A004B2E72D7A7001FEF4A /* Debug */ = {
			isa = XCBuildConfiguration;
			buildSettings = {
				BUNDLE_LOADER = "$(TEST_HOST)";
				CODE_SIGN_STYLE = Automatic;
				CURRENT_PROJECT_VERSION = 1;
				DEAD_CODE_STRIPPING = YES;
				DEVELOPMENT_TEAM = R7BXW5V4H2;
				GENERATE_INFOPLIST_FILE = YES;
				IPHONEOS_DEPLOYMENT_TARGET = 18.5;
				MACOSX_DEPLOYMENT_TARGET = 15.5;
				MARKETING_VERSION = 1.0;
				PRODUCT_BUNDLE_IDENTIFIER = "Nacanare.track-fitTests";
				PRODUCT_NAME = "$(TARGET_NAME)";
				SDKROOT = auto;
				SUPPORTED_PLATFORMS = "iphoneos iphonesimulator macosx xros xrsimulator";
				SWIFT_EMIT_LOC_STRINGS = NO;
				SWIFT_VERSION = 5.0;
				TARGETED_DEVICE_FAMILY = "1,2,7";
				TEST_HOST = "$(BUILT_PRODUCTS_DIR)/track_fit.app/$(BUNDLE_EXECUTABLE_FOLDER_PATH)/track_fit";
				XROS_DEPLOYMENT_TARGET = 2.5;
			};
			name = Debug;
		};
		3D4A004C2E72D7A7001FEF4A /* Release */ = {
			isa = XCBuildConfiguration;
			buildSettings = {
				BUNDLE_LOADER = "$(TEST_HOST)";
				CODE_SIGN_STYLE = Automatic;
				CURRENT_PROJECT_VERSION = 1;
				DEAD_CODE_STRIPPING = YES;
				DEVELOPMENT_TEAM = R7BXW5V4H2;
				GENERATE_INFOPLIST_FILE = YES;
				IPHONEOS_DEPLOYMENT_TARGET = 18.5;
				MACOSX_DEPLOYMENT_TARGET = 15.5;
				MARKETING_VERSION = 1.0;
				PRODUCT_BUNDLE_IDENTIFIER = "Nacanare.track-fitTests";
				PRODUCT_NAME = "$(TARGET_NAME)";
				SDKROOT = auto;
				SUPPORTED_PLATFORMS = "iphoneos iphonesimulator macosx xros xrsimulator";
				SWIFT_EMIT_LOC_STRINGS = NO;
				SWIFT_VERSION = 5.0;
				TARGETED_DEVICE_FAMILY = "1,2,7";
				TEST_HOST = "$(BUILT_PRODUCTS_DIR)/track_fit.app/$(BUNDLE_EXECUTABLE_FOLDER_PATH)/track_fit";
				XROS_DEPLOYMENT_TARGET = 2.5;
			};
			name = Release;
		};
		3D4A004E2E72D7A7001FEF4A /* Debug */ = {
			isa = XCBuildConfiguration;
			buildSettings = {
				CODE_SIGN_STYLE = Automatic;
				CURRENT_PROJECT_VERSION = 1;
				DEAD_CODE_STRIPPING = YES;
				DEVELOPMENT_TEAM = R7BXW5V4H2;
				GENERATE_INFOPLIST_FILE = YES;
				IPHONEOS_DEPLOYMENT_TARGET = 18.5;
				MACOSX_DEPLOYMENT_TARGET = 15.5;
				MARKETING_VERSION = 1.0;
				PRODUCT_BUNDLE_IDENTIFIER = "Nacanare.track-fitUITests";
				PRODUCT_NAME = "$(TARGET_NAME)";
				SDKROOT = auto;
				SUPPORTED_PLATFORMS = "iphoneos iphonesimulator macosx xros xrsimulator";
				SWIFT_EMIT_LOC_STRINGS = NO;
				SWIFT_VERSION = 5.0;
				TARGETED_DEVICE_FAMILY = "1,2,7";
				TEST_TARGET_NAME = track_fit;
				XROS_DEPLOYMENT_TARGET = 2.5;
			};
			name = Debug;
		};
		3D4A004F2E72D7A7001FEF4A /* Release */ = {
			isa = XCBuildConfiguration;
			buildSettings = {
				CODE_SIGN_STYLE = Automatic;
				CURRENT_PROJECT_VERSION = 1;
				DEAD_CODE_STRIPPING = YES;
				DEVELOPMENT_TEAM = R7BXW5V4H2;
				GENERATE_INFOPLIST_FILE = YES;
				IPHONEOS_DEPLOYMENT_TARGET = 18.5;
				MACOSX_DEPLOYMENT_TARGET = 15.5;
				MARKETING_VERSION = 1.0;
				PRODUCT_BUNDLE_IDENTIFIER = "Nacanare.track-fitUITests";
				PRODUCT_NAME = "$(TARGET_NAME)";
				SDKROOT = auto;
				SUPPORTED_PLATFORMS = "iphoneos iphonesimulator macosx xros xrsimulator";
				SWIFT_EMIT_LOC_STRINGS = NO;
				SWIFT_VERSION = 5.0;
				TARGETED_DEVICE_FAMILY = "1,2,7";
				TEST_TARGET_NAME = track_fit;
				XROS_DEPLOYMENT_TARGET = 2.5;
			};
			name = Release;
		};
/* End XCBuildConfiguration section */

/* Begin XCConfigurationList section */
		3D2785E72F5754A2002FD92E /* Build configuration list for PBXNativeTarget "TrackFitWidgetExtension" */ = {
			isa = XCConfigurationList;
			buildConfigurations = (
				3D2785E42F5754A2002FD92E /* Debug */,
				3D2785E52F5754A2002FD92E /* Release */,
			);
			defaultConfigurationIsVisible = 0;
			defaultConfigurationName = Release;
		};
		3D2E35642F562705007FF466 /* Build configuration list for PBXNativeTarget "track_fit Watch App Watch App" */ = {
			isa = XCConfigurationList;
			buildConfigurations = (
				3D2E35652F562705007FF466 /* Debug */,
				3D2E35662F562705007FF466 /* Release */,
			);
			defaultConfigurationIsVisible = 0;
			defaultConfigurationName = Release;
		};
		3D2E35682F562705007FF466 /* Build configuration list for PBXNativeTarget "track_fit Watch App Watch AppTests" */ = {
			isa = XCConfigurationList;
			buildConfigurations = (
				3D2E35692F562705007FF466 /* Debug */,
				3D2E356A2F562705007FF466 /* Release */,
			);
			defaultConfigurationIsVisible = 0;
			defaultConfigurationName = Release;
		};
		3D2E356B2F562705007FF466 /* Build configuration list for PBXNativeTarget "track_fit Watch App Watch AppUITests" */ = {
			isa = XCConfigurationList;
			buildConfigurations = (
				3D2E356C2F562705007FF466 /* Debug */,
				3D2E356D2F562705007FF466 /* Release */,
			);
			defaultConfigurationIsVisible = 0;
			defaultConfigurationName = Release;
		};
		3D4A001B2E72D7A6001FEF4A /* Build configuration list for PBXProject "track_fit" */ = {
			isa = XCConfigurationList;
			buildConfigurations = (
				3D4A00452E72D7A7001FEF4A /* Debug */,
				3D4A00462E72D7A7001FEF4A /* Release */,
			);
			defaultConfigurationIsVisible = 0;
			defaultConfigurationName = Release;
		};
		3D4A00472E72D7A7001FEF4A /* Build configuration list for PBXNativeTarget "track_fit" */ = {
			isa = XCConfigurationList;
			buildConfigurations = (
				3D4A00482E72D7A7001FEF4A /* Debug */,
				3D4A00492E72D7A7001FEF4A /* Release */,
			);
			defaultConfigurationIsVisible = 0;
			defaultConfigurationName = Release;
		};
		3D4A004A2E72D7A7001FEF4A /* Build configuration list for PBXNativeTarget "track_fitTests" */ = {
			isa = XCConfigurationList;
			buildConfigurations = (
				3D4A004B2E72D7A7001FEF4A /* Debug */,
				3D4A004C2E72D7A7001FEF4A /* Release */,
			);
			defaultConfigurationIsVisible = 0;
			defaultConfigurationName = Release;
		};
		3D4A004D2E72D7A7001FEF4A /* Build configuration list for PBXNativeTarget "track_fitUITests" */ = {
			isa = XCConfigurationList;
			buildConfigurations = (
				3D4A004E2E72D7A7001FEF4A /* Debug */,
				3D4A004F2E72D7A7001FEF4A /* Release */,
			);
			defaultConfigurationIsVisible = 0;
			defaultConfigurationName = Release;
		};
/* End XCConfigurationList section */
	};
	rootObject = 3D4A00182E72D7A6001FEF4A /* Project object */;
}
